# This file was autogenerated by Stack.
# You should not edit this file by hand.
# For more information, please see the documentation at:
#   https://docs.haskellstack.org/en/stable/lock_files

packages:
- completed:
    hackage: mysql-haskell-0.8.4.3@sha256:d3ca21ae8cc88670f8adb17c7cacb8bb770f1a58d60b5bff346d1f3fc843d98c,3489
    pantry-tree:
      sha256: c974f4d4f24bb7e17d633301a442a0a5162d30e163cad618a961d61192b6debc
      size: 1754
  original:
    hackage: mysql-haskell-0.8.4.3
- completed:
    hackage: mysql-0.1.7.3@sha256:d91bf47ffc581d943fa390f51cbc4dea307450793b5361a9a59157688ff0e518,2190
    pantry-tree:
      sha256: b7a9aff6785b82d8cf7042b885c47a71b76dcd5f975112ca1d227087ff7659bd
      size: 640
  original:
    hackage: mysql-0.1.7.3
- completed:
    hackage: text-1.2.4.1@sha256:e12b468008b3c2bbc1f39bd2dcb75ba8f563c65aa5e54ee223b76463a845b6f1,7184
    pantry-tree:
      sha256: b1fd81329340a9c6eea4e78313d36c6a333a5de6032ec1536ff6c70a4300b46c
      size: 7720
  original:
    hackage: text-1.2.4.1
- completed:
    hackage: time-1.9.3@sha256:8f1b5448722a12a952248b356c9eb366e351226543d9086a2da71270522d5f45,5679
    pantry-tree:
      sha256: a1043c1719491764f0fa37a1fd70d9451080548a41632fee88d8e1b8db4942d6
      size: 6558
  original:
    hackage: time-1.9.3
- completed:
    hackage: bytestring-0.10.10.0@sha256:6031d86e4fd6419ad2ea05ecc008188dd64ed6c18f09556c86dd4c80d2a5f626,8961
    pantry-tree:
      sha256: 3705db25ef7caf442697b8e6fc8d5250096c1d8b1908233985773fe0c0c1a97e
      size: 2788
  original:
    hackage: bytestring-0.10.10.0
- completed:
    hackage: haskeline-0.8.1.1@sha256:2dd72ec24118fd92962315ce23de7c617e092554d2e2f3430d7b035bb60afac8,6002
    pantry-tree:
      sha256: d01b0014b723454c1628182bae7f75bc4415e94a1f2377da54bf3b025bda0115
      size: 2955
  original:
    hackage: haskeline-0.8.1.1
- completed:
    hackage: utf8-string-1.0.2@sha256:79416292186feeaf1f60e49ac5a1ffae9bf1b120e040a74bf0e81ca7f1d31d3f,1538
    pantry-tree:
      sha256: 0863c3c9b6ee24dd38873c62e38ac46dd50aff2ea6b362beadf7f9b4a273c75f
      size: 601
  original:
    hackage: utf8-string-1.0.2
- completed:
    hackage: binary-0.8.7.0@sha256:625417cdb8051c9896c56f61a446ee4b594d07dc32d92bcaab48658c3cf42e09,7722
    pantry-tree:
      sha256: f0cde843f29615e7f97b077de0e10a5a9d439796bd4c2c7a2d54b45d8fe3f94f
      size: 1976
  original:
    hackage: binary-0.8.7.0
- completed:
    hackage: pretty-1.1.3.6@sha256:e16ffc733e816cfc09e99cc7f2398805f1f4c872d238a6b81668b5527284b382,2482
    pantry-tree:
      sha256: 9f62289797600d7121862309c306a3b495f872dccfe3d5c4bdeaf85d5ad12dd7
      size: 1308
  original:
    hackage: pretty-1.1.3.6
- completed:
    hackage: process-1.6.11.0@sha256:472c51a8903b55b1b423e7e4050facd1dce5e323fd81e5953f02ca500bb9d58c,2819
    pantry-tree:
      sha256: ff658d75f142515e99bd057382204452445b8e2c1e8003acfd6a30637f42293a
      size: 1283
  original:
    hackage: process-1.6.11.0@sha256:472c51a8903b55b1b423e7e4050facd1dce5e323fd81e5953f02ca500bb9d58c,2819
- completed:
    hackage: template-haskell-2.15.0.0@sha256:6e803fbff5069effa18a921c76b3fed4535542e0721b464f38012b2f9eb66562,1894
    pantry-tree:
      sha256: f791cf4dc36c6205e259019389bff7c4a146ef06117f36d63a571521d147779b
      size: 850
  original:
    hackage: template-haskell-2.15.0.0@sha256:6e803fbff5069effa18a921c76b3fed4535542e0721b464f38012b2f9eb66562,1894
- completed:
    hackage: unix-2.7.2.2@sha256:ddb8fc5d5eede81dfad7846eceb65267fe4cf8b4f324bc74542f694a32335ef2,3496
    pantry-tree:
      sha256: c40c15db09b6af866110699f7aa517e98dbcbc7dc339c1443fbcfbf5c4c4b28e
      size: 3536
  original:
    hackage: unix-2.7.2.2@sha256:ddb8fc5d5eede81dfad7846eceb65267fe4cf8b4f324bc74542f694a32335ef2,3496
- completed:
    hackage: directory-1.3.6.1@sha256:8878947a9f521c0f2ed02cea7c4b3d90a1c16154e559858f8c2bb81b14ae7c92,2940
    pantry-tree:
      sha256: 7602bce4e5a3ed7bee77be1aeba4cdabf02d1575c6e515d383c851cd8fb7caa2
      size: 3433
  original:
    hackage: directory-1.3.6.1@sha256:8878947a9f521c0f2ed02cea7c4b3d90a1c16154e559858f8c2bb81b14ae7c92,2940
- completed:
    hackage: tcp-streams-1.0.1.1@sha256:35e9ecfa515797052f8c3c01834d2daebd5e93f3152c7fc98b32652bf6f0c052,2329
    pantry-tree:
      sha256: 572071fca40a0b6c4cc950d10277a6f12e83cf4846882b6ef83fcccaa2c18c45
      size: 1004
  original:
    hackage: tcp-streams-1.0.1.1@sha256:35e9ecfa515797052f8c3c01834d2daebd5e93f3152c7fc98b32652bf6f0c052,2329
- completed:
    hackage: wire-streams-0.1.1.0@sha256:08816c7fa53b20f52e5c465252c106d9de8e6d9580ec0b6d9f000a34c7bcefc8,2130
    pantry-tree:
      sha256: c99a12bfcbeacc5da8f166fbed1eb105a45f08be1a3a071fe9f903b386b14e1d
      size: 506
  original:
    hackage: wire-streams-0.1.1.0@sha256:08816c7fa53b20f52e5c465252c106d9de8e6d9580ec0b6d9f000a34c7bcefc8,2130
snapshots:
- completed:
    sha256: 1b5e4124989399e60e7a7901f0cefd910beea546131fb07a13a7208c4cc8b7ee
    size: 565715
    url: https://raw.githubusercontent.com/commercialhaskell/stackage-snapshots/master/lts/17/7.yaml
  original:
    url: https://raw.githubusercontent.com/commercialhaskell/stackage-snapshots/master/lts/17/7.yaml
